
Microsoft Visual Studio Solution File, Format Version 12.00
# Visual Studio 15
VisualStudioVersion = 15.0.28307.902
MinimumVisualStudioVersion = 10.0.40219.1
Project("{9A19103F-16F7-4668-BE54-9A1E7A4F7556}") = "PersonalFitnessTrainer", "PersonalFitnessTrainer\PersonalFitnessTrainer.csproj", "{D820FE0C-2CA4-44C0-82F2-A2CFFD4BC9A2}"
EndProject
Project("{FAE04EC0-301F-11D3-BF4B-00C04F79EFBC}") = "PersonalFitnessTrainer.BusinessLayer", "PersonalFitnessTrainer.BusinessLayer\PersonalFitnessTrainer.BusinessLayer.csproj", "{8AF7B479-0BC1-4596-A1DE-CA64708AAFF2}"
EndProject
Project("{FAE04EC0-301F-11D3-BF4B-00C04F79EFBC}") = "PersonalFitnessTrainer.DataLayer", "PersonalFitnessTrainer.DataLayer\PersonalFitnessTrainer.DataLayer.csproj", "{7421A308-42E1-466F-B822-E539A94430C0}"
EndProject
Project("{FAE04EC0-301F-11D3-BF4B-00C04F79EFBC}") = "PersonalFitnessTrainer.Models", "PersonalFitnessTrainer.Models\PersonalFitnessTrainer.Models.csproj", "{5216CEA0-5F62-4401-83C2-C604201583A6}"
EndProject
Project("{FAE04EC0-301F-11D3-BF4B-00C04F79EFBC}") = "PersonalFitnessTrainer.Tests", "PersonalFitnessTrainer.Tests\PersonalFitnessTrainer.Tests.csproj", "{CEFEFC37-59E5-4493-BF25-EA70A3E1B2B8}"
EndProject
Global
	GlobalSection(SolutionConfigurationPlatforms) = preSolution
		Debug|Any CPU = Debug|Any CPU
		Release|Any CPU = Release|Any CPU
	EndGlobalSection
	GlobalSection(ProjectConfigurationPlatforms) = postSolution
		{D820FE0C-2CA4-44C0-82F2-A2CFFD4BC9A2}.Debug|Any CPU.ActiveCfg = Debug|Any CPU
		{D820FE0C-2CA4-44C0-82F2-A2CFFD4BC9A2}.Debug|Any CPU.Build.0 = Debug|Any CPU
		{D820FE0C-2CA4-44C0-82F2-A2CFFD4BC9A2}.Release|Any CPU.ActiveCfg = Release|Any CPU
		{D820FE0C-2CA4-44C0-82F2-A2CFFD4BC9A2}.Release|Any CPU.Build.0 = Release|Any CPU
		{8AF7B479-0BC1-4596-A1DE-CA64708AAFF2}.Debug|Any CPU.ActiveCfg = Debug|Any CPU
		{8AF7B479-0BC1-4596-A1DE-CA64708AAFF2}.Debug|Any CPU.Build.0 = Debug|Any CPU
		{8AF7B479-0BC1-4596-A1DE-CA64708AAFF2}.Release|Any CPU.ActiveCfg = Release|Any CPU
		{8AF7B479-0BC1-4596-A1DE-CA64708AAFF2}.Release|Any CPU.Build.0 = Release|Any CPU
		{7421A308-42E1-466F-B822-E539A94430C0}.Debug|Any CPU.ActiveCfg = Debug|Any CPU
		{7421A308-42E1-466F-B822-E539A94430C0}.Debug|Any CPU.Build.0 = Debug|Any CPU
		{7421A308-42E1-466F-B822-E539A94430C0}.Release|Any CPU.ActiveCfg = Release|Any CPU
		{7421A308-42E1-466F-B822-E539A94430C0}.Release|Any CPU.Build.0 = Release|Any CPU
		{5216CEA0-5F62-4401-83C2-C604201583A6}.Debug|Any CPU.ActiveCfg = Debug|Any CPU
		{5216CEA0-5F62-4401-83C2-C604201583A6}.Debug|Any CPU.Build.0 = Debug|Any CPU
		{5216CEA0-5F62-4401-83C2-C604201583A6}.Release|Any CPU.ActiveCfg = Release|Any CPU
		{5216CEA0-5F62-4401-83C2-C604201583A6}.Release|Any CPU.Build.0 = Release|Any CPU
		{CEFEFC37-59E5-4493-BF25-EA70A3E1B2B8}.Debug|Any CPU.ActiveCfg = Debug|Any CPU
		{CEFEFC37-59E5-4493-BF25-EA70A3E1B2B8}.Debug|Any CPU.Build.0 = Debug|Any CPU
		{CEFEFC37-59E5-4493-BF25-EA70A3E1B2B8}.Release|Any CPU.ActiveCfg = Release|Any CPU
		{CEFEFC37-59E5-4493-BF25-EA70A3E1B2B8}.Release|Any CPU.Build.0 = Release|Any CPU
	EndGlobalSection
	GlobalSection(SolutionProperties) = preSolution
		HideSolutionNode = FALSE
	EndGlobalSection
	GlobalSection(ExtensibilityGlobals) = postSolution
		SolutionGuid = {E010A6EC-7ADF-4012-B550-7829A6F4A923}
	EndGlobalSection
EndGlobal
